
Microsoft Visual Studio Solution File, Format Version 12.00
# Visual Studio Version 17
VisualStudioVersion = 17.13.35919.96 d17.13
MinimumVisualStudioVersion = 10.0.40219.1
Project("{54A90642-561A-4BB1-A94E-469ADEE60C69}") = "reveriecoffee", "ReverieCoffee\reveriecoffee.esproj", "{642B4AB3-98C6-38F2-58A2-67073910672E}"
EndProject
Global
	GlobalSection(SolutionConfigurationPlatforms) = preSolution
		Debug|Any CPU = Debug|Any CPU
		Release|Any CPU = Release|Any CPU
	EndGlobalSection
	GlobalSection(ProjectConfigurationPlatforms) = postSolution
		{642B4AB3-98C6-38F2-58A2-67073910672E}.Debug|Any CPU.ActiveCfg = Debug|Any CPU
		{642B4AB3-98C6-38F2-58A2-67073910672E}.Debug|Any CPU.Build.0 = Debug|Any CPU
		{642B4AB3-98C6-38F2-58A2-67073910672E}.Debug|Any CPU.Deploy.0 = Debug|Any CPU
		{642B4AB3-98C6-38F2-58A2-67073910672E}.Release|Any CPU.ActiveCfg = Release|Any CPU
		{642B4AB3-98C6-38F2-58A2-67073910672E}.Release|Any CPU.Build.0 = Release|Any CPU
		{642B4AB3-98C6-38F2-58A2-67073910672E}.Release|Any CPU.Deploy.0 = Release|Any CPU
	EndGlobalSection
	GlobalSection(SolutionProperties) = preSolution
		HideSolutionNode = FALSE
	EndGlobalSection
	GlobalSection(ExtensibilityGlobals) = postSolution
		SolutionGuid = {EEA02E6D-6864-4A4B-BBDF-78382A2ADB3F}
	EndGlobalSection
EndGlobal
